
Microsoft Visual Studio Solution File, Format Version 11.00
# Visual Studio 2010
Project("{FAE04EC0-301F-11D3-BF4B-00C04F79EFBC}") = "QuickEditor.Monitor", "QuickEditor.Monitor.csproj", "{4A249C42-1EF9-DE64-2923-1F74A1F80839}"
EndProject
Global
	GlobalSection(SolutionConfigurationPlatforms) = preSolution
		Debug|Any CPU = Debug|Any CPU
		Release|Any CPU = Release|Any CPU
	EndGlobalSection
	GlobalSection(ProjectConfigurationPlatforms) = postSolution
		{4A249C42-1EF9-DE64-2923-1F74A1F80839}.Debug|Any CPU.ActiveCfg = Debug|Any CPU
		{4A249C42-1EF9-DE64-2923-1F74A1F80839}.Debug|Any CPU.Build.0 = Debug|Any CPU
		{4A249C42-1EF9-DE64-2923-1F74A1F80839}.Release|Any CPU.ActiveCfg = Release|Any CPU
		{4A249C42-1EF9-DE64-2923-1F74A1F80839}.Release|Any CPU.Build.0 = Release|Any CPU
	EndGlobalSection
	GlobalSection(SolutionProperties) = preSolution
		HideSolutionNode = FALSE
	EndGlobalSection
	GlobalSection(MonoDevelopProperties) = preSolution
		StartupItem = Assembly-CSharp.csproj
	EndGlobalSection
EndGlobal
